
Microsoft Visual Studio Solution File, Format Version 12.00
# Visual Studio 15
VisualStudioVersion = 15.0.27703.2047
MinimumVisualStudioVersion = 10.0.40219.1
Project("{FAE04EC0-301F-11D3-BF4B-00C04F79EFBC}") = "GetOutOfBed", "GetOutOfBed\GetOutOfBed.csproj", "{D6BC0C8D-814A-411E-9B50-AEE44A394471}"
EndProject
Global
	GlobalSection(SolutionConfigurationPlatforms) = preSolution
		Debug|Any CPU = Debug|Any CPU
		Release|Any CPU = Release|Any CPU
	EndGlobalSection
	GlobalSection(ProjectConfigurationPlatforms) = postSolution
		{D6BC0C8D-814A-411E-9B50-AEE44A394471}.Debug|Any CPU.ActiveCfg = Debug|Any CPU
		{D6BC0C8D-814A-411E-9B50-AEE44A394471}.Debug|Any CPU.Build.0 = Debug|Any CPU
		{D6BC0C8D-814A-411E-9B50-AEE44A394471}.Release|Any CPU.ActiveCfg = Release|Any CPU
		{D6BC0C8D-814A-411E-9B50-AEE44A394471}.Release|Any CPU.Build.0 = Release|Any CPU
	EndGlobalSection
	GlobalSection(SolutionProperties) = preSolution
		HideSolutionNode = FALSE
	EndGlobalSection
	GlobalSection(ExtensibilityGlobals) = postSolution
		SolutionGuid = {B4A4F2B8-D7B3-458D-AB51-C679B985C90E}
	EndGlobalSection
EndGlobal
